
Microsoft Visual Studio Solution File, Format Version 12.00
# Visual Studio Version 17
VisualStudioVersion = 17.0.32126.317
MinimumVisualStudioVersion = 10.0.40219.1
Project("{FAE04EC0-301F-11D3-BF4B-00C04F79EFBC}") = "Sandbox.Tutorial.WebApiEfCore", "Sandbox.Tutorial.WebApiEfCore\Sandbox.Tutorial.WebApiEfCore.csproj", "{D177BAF4-83DB-4D2E-B169-E0E096B115B2}"
EndProject
Global
	GlobalSection(SolutionConfigurationPlatforms) = preSolution
		Debug|Any CPU = Debug|Any CPU
		Release|Any CPU = Release|Any CPU
	EndGlobalSection
	GlobalSection(ProjectConfigurationPlatforms) = postSolution
		{D177BAF4-83DB-4D2E-B169-E0E096B115B2}.Debug|Any CPU.ActiveCfg = Debug|Any CPU
		{D177BAF4-83DB-4D2E-B169-E0E096B115B2}.Debug|Any CPU.Build.0 = Debug|Any CPU
		{D177BAF4-83DB-4D2E-B169-E0E096B115B2}.Release|Any CPU.ActiveCfg = Release|Any CPU
		{D177BAF4-83DB-4D2E-B169-E0E096B115B2}.Release|Any CPU.Build.0 = Release|Any CPU
	EndGlobalSection
	GlobalSection(SolutionProperties) = preSolution
		HideSolutionNode = FALSE
	EndGlobalSection
	GlobalSection(ExtensibilityGlobals) = postSolution
		SolutionGuid = {7318A8CE-8A24-4337-ACBE-A8A285F58FA4}
	EndGlobalSection
EndGlobal
